
Microsoft Visual Studio Solution File, Format Version 12.00
Project("{FAE04EC0-301F-11D3-BF4B-00C04F79EFBC}") = "csharp2024_07_Kruger_homework3_lesson9", "csharp2024_07_Kruger_homework3_lesson9\csharp2024_07_Kruger_homework3_lesson9.csproj", "{454F3E6A-03F7-4919-91BA-409E3E558EE3}"
EndProject
Project("{FAE04EC0-301F-11D3-BF4B-00C04F79EFBC}") = "csharp2024_07_Kruger_homework4_lesson13", "csharp2024_07_Kruger_homework4_lesson13\csharp2024_07_Kruger_homework4_lesson13.csproj", "{87FC28C6-48A6-4D90-9AFE-3FF762243016}"
EndProject
Project("{FAE04EC0-301F-11D3-BF4B-00C04F79EFBC}") = "csharp2024_07_Kruger_homework5_lesson17", "csharp2024_07_Kruger_homework5_lesson17\csharp2024_07_Kruger_homework5_lesson17.csproj", "{5C38C253-7D25-4C42-813D-538F52E1822B}"
EndProject
Project("{FAE04EC0-301F-11D3-BF4B-00C04F79EFBC}") = "csharp2024_07_Kruger_homework6_lesson23", "csharp2024_07_Kruger_homework6_lesson23\csharp2024_07_Kruger_homework6_lesson23.csproj", "{777A57D0-F8BC-46EC-9F42-55F99DE92A05}"
EndProject
Project("{FAE04EC0-301F-11D3-BF4B-00C04F79EFBC}") = "csharp2024_07_Kruger_homework7_lesson28", "csharp2024_07_Kruger_homework7_lesson28\csharp2024_07_Kruger_homework7_lesson28.csproj", "{607B1C82-BB15-4589-98C0-A822C2150A2C}"
EndProject
Project("{FAE04EC0-301F-11D3-BF4B-00C04F79EFBC}") = "csharp2024_07_Kruger_homework8_lesson30", "csharp2024_07_Kruger_homework8_lesson30\csharp2024_07_Kruger_homework8_lesson30.csproj", "{11760793-C289-4EF1-8FBE-804F2E0BD99B}"
EndProject
Project("{FAE04EC0-301F-11D3-BF4B-00C04F79EFBC}") = "csharp2024_07_Kruger_homework8_lesson30.Test", "csharp2024_07_Kruger_homework8_lesson30.Test\csharp2024_07_Kruger_homework8_lesson30.Test.csproj", "{B1347CCD-9957-4426-B0D0-8E7843A23C1D}"
EndProject
Global
	GlobalSection(SolutionConfigurationPlatforms) = preSolution
		Debug|Any CPU = Debug|Any CPU
		Release|Any CPU = Release|Any CPU
	EndGlobalSection
	GlobalSection(ProjectConfigurationPlatforms) = postSolution
		{454F3E6A-03F7-4919-91BA-409E3E558EE3}.Debug|Any CPU.ActiveCfg = Debug|Any CPU
		{454F3E6A-03F7-4919-91BA-409E3E558EE3}.Debug|Any CPU.Build.0 = Debug|Any CPU
		{454F3E6A-03F7-4919-91BA-409E3E558EE3}.Release|Any CPU.ActiveCfg = Release|Any CPU
		{454F3E6A-03F7-4919-91BA-409E3E558EE3}.Release|Any CPU.Build.0 = Release|Any CPU
		{87FC28C6-48A6-4D90-9AFE-3FF762243016}.Debug|Any CPU.ActiveCfg = Debug|Any CPU
		{87FC28C6-48A6-4D90-9AFE-3FF762243016}.Debug|Any CPU.Build.0 = Debug|Any CPU
		{87FC28C6-48A6-4D90-9AFE-3FF762243016}.Release|Any CPU.ActiveCfg = Release|Any CPU
		{87FC28C6-48A6-4D90-9AFE-3FF762243016}.Release|Any CPU.Build.0 = Release|Any CPU
		{5C38C253-7D25-4C42-813D-538F52E1822B}.Debug|Any CPU.ActiveCfg = Debug|Any CPU
		{5C38C253-7D25-4C42-813D-538F52E1822B}.Debug|Any CPU.Build.0 = Debug|Any CPU
		{5C38C253-7D25-4C42-813D-538F52E1822B}.Release|Any CPU.ActiveCfg = Release|Any CPU
		{5C38C253-7D25-4C42-813D-538F52E1822B}.Release|Any CPU.Build.0 = Release|Any CPU
		{777A57D0-F8BC-46EC-9F42-55F99DE92A05}.Debug|Any CPU.ActiveCfg = Debug|Any CPU
		{777A57D0-F8BC-46EC-9F42-55F99DE92A05}.Debug|Any CPU.Build.0 = Debug|Any CPU
		{777A57D0-F8BC-46EC-9F42-55F99DE92A05}.Release|Any CPU.ActiveCfg = Release|Any CPU
		{777A57D0-F8BC-46EC-9F42-55F99DE92A05}.Release|Any CPU.Build.0 = Release|Any CPU
		{607B1C82-BB15-4589-98C0-A822C2150A2C}.Debug|Any CPU.ActiveCfg = Debug|Any CPU
		{607B1C82-BB15-4589-98C0-A822C2150A2C}.Debug|Any CPU.Build.0 = Debug|Any CPU
		{607B1C82-BB15-4589-98C0-A822C2150A2C}.Release|Any CPU.ActiveCfg = Release|Any CPU
		{607B1C82-BB15-4589-98C0-A822C2150A2C}.Release|Any CPU.Build.0 = Release|Any CPU
		{11760793-C289-4EF1-8FBE-804F2E0BD99B}.Debug|Any CPU.ActiveCfg = Debug|Any CPU
		{11760793-C289-4EF1-8FBE-804F2E0BD99B}.Debug|Any CPU.Build.0 = Debug|Any CPU
		{11760793-C289-4EF1-8FBE-804F2E0BD99B}.Release|Any CPU.ActiveCfg = Release|Any CPU
		{11760793-C289-4EF1-8FBE-804F2E0BD99B}.Release|Any CPU.Build.0 = Release|Any CPU
		{B1347CCD-9957-4426-B0D0-8E7843A23C1D}.Debug|Any CPU.ActiveCfg = Debug|Any CPU
		{B1347CCD-9957-4426-B0D0-8E7843A23C1D}.Debug|Any CPU.Build.0 = Debug|Any CPU
		{B1347CCD-9957-4426-B0D0-8E7843A23C1D}.Release|Any CPU.ActiveCfg = Release|Any CPU
		{B1347CCD-9957-4426-B0D0-8E7843A23C1D}.Release|Any CPU.Build.0 = Release|Any CPU
	EndGlobalSection
EndGlobal
